
Microsoft Visual Studio Solution File, Format Version 12.00
# Visual Studio 2013
VisualStudioVersion = 12.0.31010.0
MinimumVisualStudioVersion = 10.0.40219.1
Project("{2150E333-8FDC-42A3-9474-1A3956D46DE8}") = "SharedKernel", "SharedKernel", "{3CD11429-DE76-4807-BE8C-088F965D9EF8}"
EndProject
Project("{FAE04EC0-301F-11D3-BF4B-00C04F79EFBC}") = "DMS.SharedKernel.Infrastructure", "DMS.SharedKernel.Infrastructure\DMS.SharedKernel.Infrastructure.csproj", "{996FD62E-F297-4E84-B274-5E8FEE2D7506}"
EndProject
Project("{2150E333-8FDC-42A3-9474-1A3956D46DE8}") = "DataInitializer", "DataInitializer", "{D1CB4846-A2F5-4BC3-AD0E-F555C56915F0}"
EndProject
Project("{FAE04EC0-301F-11D3-BF4B-00C04F79EFBC}") = "DMS.DataInitializer", "DMS.DataInitializer\DMS.DataInitializer.csproj", "{136B7C14-3ECA-46AE-B716-9F1FCE7F12E0}"
EndProject
Project("{2150E333-8FDC-42A3-9474-1A3956D46DE8}") = "Books", "Books", "{E4A1A9E9-D87C-45BA-B883-F1C43F6F76F1}"
EndProject
Project("{FAE04EC0-301F-11D3-BF4B-00C04F79EFBC}") = "DMS.Books.Models", "DMS.Books.Models\DMS.Books.Models.csproj", "{F99B45C5-2884-4F83-8578-5C59C3D4B4FE}"
EndProject
Project("{FAE04EC0-301F-11D3-BF4B-00C04F79EFBC}") = "DMS.Books.Repositories", "DMS.Books.Repositories\DMS.Books.Repositories.csproj", "{35AC8E0A-C591-4ED0-A28D-163AA52A5BF4}"
EndProject
Project("{FAE04EC0-301F-11D3-BF4B-00C04F79EFBC}") = "DMS.Books.Services", "DMS.Books.Services\DMS.Books.Services.csproj", "{2CABA758-9CC2-46A8-AF8D-FAB90B752C3A}"
EndProject
Project("{FAE04EC0-301F-11D3-BF4B-00C04F79EFBC}") = "DMS.Books.Fakes", "DMS.Books.Fakes\DMS.Books.Fakes.csproj", "{B553F8B8-6933-4D41-AF28-8B8181B66676}"
EndProject
Project("{2150E333-8FDC-42A3-9474-1A3956D46DE8}") = "Books.Tests", "Books.Tests", "{BBA0FC32-AF39-4471-A371-9D05F3DD739C}"
EndProject
Project("{2150E333-8FDC-42A3-9474-1A3956D46DE8}") = "AntiCorruption", "AntiCorruption", "{04B2A0E4-4CE9-4E92-B5EB-6E08466C2756}"
EndProject
Project("{2150E333-8FDC-42A3-9474-1A3956D46DE8}") = "Apis", "Apis", "{78526702-46E8-402D-BDFA-038187EB9FD9}"
EndProject
Project("{2150E333-8FDC-42A3-9474-1A3956D46DE8}") = "Controllers", "Controllers", "{1E4C248E-4A76-4571-B8A2-ACE8AB537B9E}"
EndProject
Project("{FAE04EC0-301F-11D3-BF4B-00C04F79EFBC}") = "DMS.Books.Services.Cache", "DMS.Books.Services.Cache\DMS.Books.Services.Cache.csproj", "{983F19A8-0A27-4C07-834C-8245A08BF87A}"
EndProject
Project("{FAE04EC0-301F-11D3-BF4B-00C04F79EFBC}") = "DMS.Books.FakeTests", "DMS.Books.FakeTests\DMS.Books.FakeTests.csproj", "{7C310F1F-EF62-4FBB-B97F-8F62D1E681F9}"
EndProject
Project("{FAE04EC0-301F-11D3-BF4B-00C04F79EFBC}") = "DMS.Books.MockTests", "DMS.Books.MockTests\DMS.Books.MockTests.csproj", "{D5771CC5-086C-42F6-B560-14E88D53E5C1}"
EndProject
Project("{FAE04EC0-301F-11D3-BF4B-00C04F79EFBC}") = "DMS.Controller", "DMS.Controllers\DMS.Controller.csproj", "{C35A49C4-EC8B-4E6C-9B94-78AE58EB27D3}"
EndProject
Project("{FAE04EC0-301F-11D3-BF4B-00C04F79EFBC}") = "DMS.Controllers.Test", "DMS.Controllers.Test\DMS.Controllers.Test.csproj", "{77E9C9AA-91D7-4E90-8DFB-EC6AF768C5C4}"
EndProject
Project("{FAE04EC0-301F-11D3-BF4B-00C04F79EFBC}") = "DMS.Web", "DMS.Web\DMS.Web.csproj", "{53790E3F-8BB4-4ABB-93B1-A9BDB5E2F80F}"
EndProject
Project("{FAE04EC0-301F-11D3-BF4B-00C04F79EFBC}") = "DatabaseInitializer.Test", "DatabaseInitializer.Test\DatabaseInitializer.Test.csproj", "{5629E602-F981-4B93-9E68-2048150B5186}"
EndProject
Global
	GlobalSection(SolutionConfigurationPlatforms) = preSolution
		Debug|Any CPU = Debug|Any CPU
		Release|Any CPU = Release|Any CPU
	EndGlobalSection
	GlobalSection(ProjectConfigurationPlatforms) = postSolution
		{996FD62E-F297-4E84-B274-5E8FEE2D7506}.Debug|Any CPU.ActiveCfg = Debug|Any CPU
		{996FD62E-F297-4E84-B274-5E8FEE2D7506}.Debug|Any CPU.Build.0 = Debug|Any CPU
		{996FD62E-F297-4E84-B274-5E8FEE2D7506}.Release|Any CPU.ActiveCfg = Release|Any CPU
		{996FD62E-F297-4E84-B274-5E8FEE2D7506}.Release|Any CPU.Build.0 = Release|Any CPU
		{136B7C14-3ECA-46AE-B716-9F1FCE7F12E0}.Debug|Any CPU.ActiveCfg = Debug|Any CPU
		{136B7C14-3ECA-46AE-B716-9F1FCE7F12E0}.Debug|Any CPU.Build.0 = Debug|Any CPU
		{136B7C14-3ECA-46AE-B716-9F1FCE7F12E0}.Release|Any CPU.ActiveCfg = Release|Any CPU
		{136B7C14-3ECA-46AE-B716-9F1FCE7F12E0}.Release|Any CPU.Build.0 = Release|Any CPU
		{F99B45C5-2884-4F83-8578-5C59C3D4B4FE}.Debug|Any CPU.ActiveCfg = Debug|Any CPU
		{F99B45C5-2884-4F83-8578-5C59C3D4B4FE}.Debug|Any CPU.Build.0 = Debug|Any CPU
		{F99B45C5-2884-4F83-8578-5C59C3D4B4FE}.Release|Any CPU.ActiveCfg = Release|Any CPU
		{F99B45C5-2884-4F83-8578-5C59C3D4B4FE}.Release|Any CPU.Build.0 = Release|Any CPU
		{35AC8E0A-C591-4ED0-A28D-163AA52A5BF4}.Debug|Any CPU.ActiveCfg = Debug|Any CPU
		{35AC8E0A-C591-4ED0-A28D-163AA52A5BF4}.Debug|Any CPU.Build.0 = Debug|Any CPU
		{35AC8E0A-C591-4ED0-A28D-163AA52A5BF4}.Release|Any CPU.ActiveCfg = Release|Any CPU
		{35AC8E0A-C591-4ED0-A28D-163AA52A5BF4}.Release|Any CPU.Build.0 = Release|Any CPU
		{2CABA758-9CC2-46A8-AF8D-FAB90B752C3A}.Debug|Any CPU.ActiveCfg = Debug|Any CPU
		{2CABA758-9CC2-46A8-AF8D-FAB90B752C3A}.Debug|Any CPU.Build.0 = Debug|Any CPU
		{2CABA758-9CC2-46A8-AF8D-FAB90B752C3A}.Release|Any CPU.ActiveCfg = Release|Any CPU
		{2CABA758-9CC2-46A8-AF8D-FAB90B752C3A}.Release|Any CPU.Build.0 = Release|Any CPU
		{B553F8B8-6933-4D41-AF28-8B8181B66676}.Debug|Any CPU.ActiveCfg = Debug|Any CPU
		{B553F8B8-6933-4D41-AF28-8B8181B66676}.Debug|Any CPU.Build.0 = Debug|Any CPU
		{B553F8B8-6933-4D41-AF28-8B8181B66676}.Release|Any CPU.ActiveCfg = Release|Any CPU
		{B553F8B8-6933-4D41-AF28-8B8181B66676}.Release|Any CPU.Build.0 = Release|Any CPU
		{983F19A8-0A27-4C07-834C-8245A08BF87A}.Debug|Any CPU.ActiveCfg = Debug|Any CPU
		{983F19A8-0A27-4C07-834C-8245A08BF87A}.Debug|Any CPU.Build.0 = Debug|Any CPU
		{983F19A8-0A27-4C07-834C-8245A08BF87A}.Release|Any CPU.ActiveCfg = Release|Any CPU
		{983F19A8-0A27-4C07-834C-8245A08BF87A}.Release|Any CPU.Build.0 = Release|Any CPU
		{7C310F1F-EF62-4FBB-B97F-8F62D1E681F9}.Debug|Any CPU.ActiveCfg = Debug|Any CPU
		{7C310F1F-EF62-4FBB-B97F-8F62D1E681F9}.Debug|Any CPU.Build.0 = Debug|Any CPU
		{7C310F1F-EF62-4FBB-B97F-8F62D1E681F9}.Release|Any CPU.ActiveCfg = Release|Any CPU
		{7C310F1F-EF62-4FBB-B97F-8F62D1E681F9}.Release|Any CPU.Build.0 = Release|Any CPU
		{D5771CC5-086C-42F6-B560-14E88D53E5C1}.Debug|Any CPU.ActiveCfg = Debug|Any CPU
		{D5771CC5-086C-42F6-B560-14E88D53E5C1}.Debug|Any CPU.Build.0 = Debug|Any CPU
		{D5771CC5-086C-42F6-B560-14E88D53E5C1}.Release|Any CPU.ActiveCfg = Release|Any CPU
		{D5771CC5-086C-42F6-B560-14E88D53E5C1}.Release|Any CPU.Build.0 = Release|Any CPU
		{C35A49C4-EC8B-4E6C-9B94-78AE58EB27D3}.Debug|Any CPU.ActiveCfg = Debug|Any CPU
		{C35A49C4-EC8B-4E6C-9B94-78AE58EB27D3}.Debug|Any CPU.Build.0 = Debug|Any CPU
		{C35A49C4-EC8B-4E6C-9B94-78AE58EB27D3}.Release|Any CPU.ActiveCfg = Release|Any CPU
		{C35A49C4-EC8B-4E6C-9B94-78AE58EB27D3}.Release|Any CPU.Build.0 = Release|Any CPU
		{77E9C9AA-91D7-4E90-8DFB-EC6AF768C5C4}.Debug|Any CPU.ActiveCfg = Debug|Any CPU
		{77E9C9AA-91D7-4E90-8DFB-EC6AF768C5C4}.Debug|Any CPU.Build.0 = Debug|Any CPU
		{77E9C9AA-91D7-4E90-8DFB-EC6AF768C5C4}.Release|Any CPU.ActiveCfg = Release|Any CPU
		{77E9C9AA-91D7-4E90-8DFB-EC6AF768C5C4}.Release|Any CPU.Build.0 = Release|Any CPU
		{53790E3F-8BB4-4ABB-93B1-A9BDB5E2F80F}.Debug|Any CPU.ActiveCfg = Debug|Any CPU
		{53790E3F-8BB4-4ABB-93B1-A9BDB5E2F80F}.Debug|Any CPU.Build.0 = Debug|Any CPU
		{53790E3F-8BB4-4ABB-93B1-A9BDB5E2F80F}.Release|Any CPU.ActiveCfg = Release|Any CPU
		{53790E3F-8BB4-4ABB-93B1-A9BDB5E2F80F}.Release|Any CPU.Build.0 = Release|Any CPU
		{5629E602-F981-4B93-9E68-2048150B5186}.Debug|Any CPU.ActiveCfg = Debug|Any CPU
		{5629E602-F981-4B93-9E68-2048150B5186}.Debug|Any CPU.Build.0 = Debug|Any CPU
		{5629E602-F981-4B93-9E68-2048150B5186}.Release|Any CPU.ActiveCfg = Release|Any CPU
		{5629E602-F981-4B93-9E68-2048150B5186}.Release|Any CPU.Build.0 = Release|Any CPU
	EndGlobalSection
	GlobalSection(SolutionProperties) = preSolution
		HideSolutionNode = FALSE
	EndGlobalSection
	GlobalSection(NestedProjects) = preSolution
		{996FD62E-F297-4E84-B274-5E8FEE2D7506} = {3CD11429-DE76-4807-BE8C-088F965D9EF8}
		{136B7C14-3ECA-46AE-B716-9F1FCE7F12E0} = {D1CB4846-A2F5-4BC3-AD0E-F555C56915F0}
		{F99B45C5-2884-4F83-8578-5C59C3D4B4FE} = {E4A1A9E9-D87C-45BA-B883-F1C43F6F76F1}
		{35AC8E0A-C591-4ED0-A28D-163AA52A5BF4} = {E4A1A9E9-D87C-45BA-B883-F1C43F6F76F1}
		{2CABA758-9CC2-46A8-AF8D-FAB90B752C3A} = {E4A1A9E9-D87C-45BA-B883-F1C43F6F76F1}
		{B553F8B8-6933-4D41-AF28-8B8181B66676} = {E4A1A9E9-D87C-45BA-B883-F1C43F6F76F1}
		{BBA0FC32-AF39-4471-A371-9D05F3DD739C} = {E4A1A9E9-D87C-45BA-B883-F1C43F6F76F1}
		{983F19A8-0A27-4C07-834C-8245A08BF87A} = {E4A1A9E9-D87C-45BA-B883-F1C43F6F76F1}
		{7C310F1F-EF62-4FBB-B97F-8F62D1E681F9} = {BBA0FC32-AF39-4471-A371-9D05F3DD739C}
		{D5771CC5-086C-42F6-B560-14E88D53E5C1} = {BBA0FC32-AF39-4471-A371-9D05F3DD739C}
		{C35A49C4-EC8B-4E6C-9B94-78AE58EB27D3} = {1E4C248E-4A76-4571-B8A2-ACE8AB537B9E}
		{77E9C9AA-91D7-4E90-8DFB-EC6AF768C5C4} = {1E4C248E-4A76-4571-B8A2-ACE8AB537B9E}
		{5629E602-F981-4B93-9E68-2048150B5186} = {D1CB4846-A2F5-4BC3-AD0E-F555C56915F0}
	EndGlobalSection
EndGlobal
